
Microsoft Visual Studio Solution File, Format Version 12.00
# Visual Studio Version 17
VisualStudioVersion = 17.7.34024.191
MinimumVisualStudioVersion = 10.0.40219.1
Project("{8BC9CEB8-8B4A-11D0-8D11-00A0C91BC942}") = "laba_15", "laba_15\laba_15.vcxproj", "{8B88AE6A-F6F2-4AFB-A025-B77A928F5705}"
EndProject
Global
	GlobalSection(SolutionConfigurationPlatforms) = preSolution
		Debug|x64 = Debug|x64
		Debug|x86 = Debug|x86
		Release|x64 = Release|x64
		Release|x86 = Release|x86
	EndGlobalSection
	GlobalSection(ProjectConfigurationPlatforms) = postSolution
		{8B88AE6A-F6F2-4AFB-A025-B77A928F5705}.Debug|x64.ActiveCfg = Debug|x64
		{8B88AE6A-F6F2-4AFB-A025-B77A928F5705}.Debug|x64.Build.0 = Debug|x64
		{8B88AE6A-F6F2-4AFB-A025-B77A928F5705}.Debug|x86.ActiveCfg = Debug|Win32
		{8B88AE6A-F6F2-4AFB-A025-B77A928F5705}.Debug|x86.Build.0 = Debug|Win32
		{8B88AE6A-F6F2-4AFB-A025-B77A928F5705}.Release|x64.ActiveCfg = Release|x64
		{8B88AE6A-F6F2-4AFB-A025-B77A928F5705}.Release|x64.Build.0 = Release|x64
		{8B88AE6A-F6F2-4AFB-A025-B77A928F5705}.Release|x86.ActiveCfg = Release|Win32
		{8B88AE6A-F6F2-4AFB-A025-B77A928F5705}.Release|x86.Build.0 = Release|Win32
	EndGlobalSection
	GlobalSection(SolutionProperties) = preSolution
		HideSolutionNode = FALSE
	EndGlobalSection
	GlobalSection(ExtensibilityGlobals) = postSolution
		SolutionGuid = {58094260-EC28-44B9-BA5A-11C889B648C7}
	EndGlobalSection
EndGlobal
